Microsoft Visual Studio Solution File, Format Version 12.00
# Visual Studio Version 17
VisualStudioVersion = 17.5.2.0
MinimumVisualStudioVersion = 10.0.40219.1
Project("{FAE04EC0-301F-11D3-BF4B-00C04F79EFBC}") = "PlayerScriptPract", "PlayerScriptPract.csproj", "{B9A9CB87-16A5-7E4E-1322-A227B87F018E}"
EndProject
Global
	GlobalSection(SolutionConfigurationPlatforms) = preSolution
		Debug|Any CPU = Debug|Any CPU
		Release|Any CPU = Release|Any CPU
	EndGlobalSection
	GlobalSection(ProjectConfigurationPlatforms) = postSolution
		{B9A9CB87-16A5-7E4E-1322-A227B87F018E}.Debug|Any CPU.ActiveCfg = Debug|Any CPU
		{B9A9CB87-16A5-7E4E-1322-A227B87F018E}.Debug|Any CPU.Build.0 = Debug|Any CPU
		{B9A9CB87-16A5-7E4E-1322-A227B87F018E}.Release|Any CPU.ActiveCfg = Release|Any CPU
		{B9A9CB87-16A5-7E4E-1322-A227B87F018E}.Release|Any CPU.Build.0 = Release|Any CPU
	EndGlobalSection
	GlobalSection(SolutionProperties) = preSolution
		HideSolutionNode = FALSE
	EndGlobalSection
	GlobalSection(ExtensibilityGlobals) = postSolution
		SolutionGuid = {CFCEBAE8-4E16-44A6-B5CE-CBB933640A78}
	EndGlobalSection
EndGlobal
